
Microsoft Visual Studio Solution File, Format Version 12.00
# Visual Studio Version 17
VisualStudioVersion = 17.2.32519.379
MinimumVisualStudioVersion = 10.0.40219.1
Project("{9A19103F-16F7-4668-BE54-9A1E7A4F7556}") = "ContactBook.API.Tests", "ContactBook.API.Tests\ContactBook.API.Tests.csproj", "{37493FA8-4ED2-4D89-8FAB-58BD877C58C1}"
EndProject
Project("{FAE04EC0-301F-11D3-BF4B-00C04F79EFBC}") = "ContactBook.UI.Tests", "ContactBook.UI.Tests\ContactBook.UI.Tests.csproj", "{03458C5F-9303-4E0A-84C2-AC76F9A6CD7F}"
EndProject
Project("{FAE04EC0-301F-11D3-BF4B-00C04F79EFBC}") = "ContactBook.Appium.Tests", "ContactBook.Appium.Tests\ContactBook.Appium.Tests.csproj", "{653F2516-9BB7-40FE-B47A-2CBCF01CE069}"
EndProject
Global
	GlobalSection(SolutionConfigurationPlatforms) = preSolution
		Debug|Any CPU = Debug|Any CPU
		Release|Any CPU = Release|Any CPU
	EndGlobalSection
	GlobalSection(ProjectConfigurationPlatforms) = postSolution
		{37493FA8-4ED2-4D89-8FAB-58BD877C58C1}.Debug|Any CPU.ActiveCfg = Debug|Any CPU
		{37493FA8-4ED2-4D89-8FAB-58BD877C58C1}.Debug|Any CPU.Build.0 = Debug|Any CPU
		{37493FA8-4ED2-4D89-8FAB-58BD877C58C1}.Release|Any CPU.ActiveCfg = Release|Any CPU
		{37493FA8-4ED2-4D89-8FAB-58BD877C58C1}.Release|Any CPU.Build.0 = Release|Any CPU
		{03458C5F-9303-4E0A-84C2-AC76F9A6CD7F}.Debug|Any CPU.ActiveCfg = Debug|Any CPU
		{03458C5F-9303-4E0A-84C2-AC76F9A6CD7F}.Debug|Any CPU.Build.0 = Debug|Any CPU
		{03458C5F-9303-4E0A-84C2-AC76F9A6CD7F}.Release|Any CPU.ActiveCfg = Release|Any CPU
		{03458C5F-9303-4E0A-84C2-AC76F9A6CD7F}.Release|Any CPU.Build.0 = Release|Any CPU
		{653F2516-9BB7-40FE-B47A-2CBCF01CE069}.Debug|Any CPU.ActiveCfg = Debug|Any CPU
		{653F2516-9BB7-40FE-B47A-2CBCF01CE069}.Debug|Any CPU.Build.0 = Debug|Any CPU
		{653F2516-9BB7-40FE-B47A-2CBCF01CE069}.Release|Any CPU.ActiveCfg = Release|Any CPU
		{653F2516-9BB7-40FE-B47A-2CBCF01CE069}.Release|Any CPU.Build.0 = Release|Any CPU
	EndGlobalSection
	GlobalSection(SolutionProperties) = preSolution
		HideSolutionNode = FALSE
	EndGlobalSection
	GlobalSection(ExtensibilityGlobals) = postSolution
		SolutionGuid = {76DAF876-FE2C-4BE7-868C-75B206594216}
	EndGlobalSection
EndGlobal
